
Microsoft Visual Studio Solution File, Format Version 12.00
# Visual Studio 15
VisualStudioVersion = 15.0.28307.539
MinimumVisualStudioVersion = 10.0.40219.1
Project("{8BC9CEB8-8B4A-11D0-8D11-00A0C91BC942}") = "NQueensProblem", "NQueensProblem.vcxproj", "{1CB2477E-B5C3-40EC-A85E-E27F26B8EC6A}"
EndProject
Global
	GlobalSection(SolutionConfigurationPlatforms) = preSolution
		Debug|x64 = Debug|x64
		Debug|x86 = Debug|x86
		Release|x64 = Release|x64
		Release|x86 = Release|x86
	EndGlobalSection
	GlobalSection(ProjectConfigurationPlatforms) = postSolution
		{1CB2477E-B5C3-40EC-A85E-E27F26B8EC6A}.Debug|x64.ActiveCfg = Debug|x64
		{1CB2477E-B5C3-40EC-A85E-E27F26B8EC6A}.Debug|x64.Build.0 = Debug|x64
		{1CB2477E-B5C3-40EC-A85E-E27F26B8EC6A}.Debug|x86.ActiveCfg = Debug|Win32
		{1CB2477E-B5C3-40EC-A85E-E27F26B8EC6A}.Debug|x86.Build.0 = Debug|Win32
		{1CB2477E-B5C3-40EC-A85E-E27F26B8EC6A}.Release|x64.ActiveCfg = Release|x64
		{1CB2477E-B5C3-40EC-A85E-E27F26B8EC6A}.Release|x64.Build.0 = Release|x64
		{1CB2477E-B5C3-40EC-A85E-E27F26B8EC6A}.Release|x86.ActiveCfg = Release|Win32
		{1CB2477E-B5C3-40EC-A85E-E27F26B8EC6A}.Release|x86.Build.0 = Release|Win32
	EndGlobalSection
	GlobalSection(SolutionProperties) = preSolution
		HideSolutionNode = FALSE
	EndGlobalSection
	GlobalSection(ExtensibilityGlobals) = postSolution
		SolutionGuid = {0A7DA2E6-C888-4CCB-A8B2-868F7B5B257D}
	EndGlobalSection
EndGlobal
